// !$*UTF8*$!
{
	archiveVersion = 1;
	classes = {
	};
	objectVersion = 56;
	objects = {

/* Begin PBXBuildFile section */
		6E87D6F92B3007A50000E703 /* facebook_godot.m in Sources */ = {isa = PBXBuildFile; fileRef = 6E87D6F82B3007A50000E703 /* facebook_godot.m */; };
		6E87D6FA2B3007A50000E703 /* facebook_godot.h in CopyFiles */ = {isa = PBXBuildFile; fileRef = 6E87D6F72B3007A50000E703 /* facebook_godot.h */; };
		6E87D7012B300A940000E703 /* facebook_godot_implementation.mm in Sources */ = {isa = PBXBuildFile; fileRef = 6E87D7002B300A940000E703 /* facebook_godot_implementation.mm */; };
		A6BD6C9773F7D3FC0F32E0B9 /* Pods_facebook_godot.framework in Frameworks */ = {isa = PBXBuildFile; fileRef = 173FF044D503E93C57684E4D /* Pods_facebook_godot.framework */; };
/* End PBXBuildFile section */

/* Begin PBXCopyFilesBuildPhase section */
		6E87D6F22B3007A50000E703 /* CopyFiles */ = {
			isa = PBXCopyFilesBuildPhase;
			buildActionMask = 2147483647;
			dstPath = "include/$(PRODUCT_NAME)";
			dstSubfolderSpec = 16;
			files = (
				6E87D6FA2B3007A50000E703 /* facebook_godot.h in CopyFiles */,
			);
			runOnlyForDeploymentPostprocessing = 0;
		};
/* End PBXCopyFilesBuildPhase section */

/* Begin PBXFileReference section */
		041CF51ADCEF5CAE0CAD2BF8 /* Pods-facebook-godot.release.xcconfig */ = {isa = PBXFileReference; includeInIndex = 1; lastKnownFileType = text.xcconfig; name = "Pods-facebook-godot.release.xcconfig"; path = "Target Support Files/Pods-facebook-godot/Pods-facebook-godot.release.xcconfig"; sourceTree = "<group>"; };
		173FF044D503E93C57684E4D /* Pods_facebook_godot.framework */ = {isa = PBXFileReference; explicitFileType = wrapper.framework; includeInIndex = 0; path = Pods_facebook_godot.framework; sourceTree = BUILT_PRODUCTS_DIR; };
		6E87D6F42B3007A50000E703 /* libfacebook-godot.a */ = {isa = PBXFileReference; explicitFileType = archive.ar; includeInIndex = 0; path = "libfacebook-godot.a"; sourceTree = BUILT_PRODUCTS_DIR; };
		6E87D6F72B3007A50000E703 /* facebook_godot.h */ = {isa = PBXFileReference; lastKnownFileType = sourcecode.c.h; path = facebook_godot.h; sourceTree = "<group>"; };
		6E87D6F82B3007A50000E703 /* facebook_godot.m */ = {isa = PBXFileReference; lastKnownFileType = sourcecode.c.objc; path = facebook_godot.m; sourceTree = "<group>"; };
		6E87D7002B300A940000E703 /* facebook_godot_implementation.mm */ = {isa = PBXFileReference; lastKnownFileType = sourcecode.cpp.objcpp; path = facebook_godot_implementation.mm; sourceTree = "<group>"; };
		6E87D7022B300AAC0000E703 /* facebook_godot_implementation.h */ = {isa = PBXFileReference; lastKnownFileType = sourcecode.c.h; path = facebook_godot_implementation.h; sourceTree = "<group>"; };
		B683F426947237A6BC36B81F /* Pods-facebook-godot.debug.xcconfig */ = {isa = PBXFileReference; includeInIndex = 1; lastKnownFileType = text.xcconfig; name = "Pods-facebook-godot.debug.xcconfig"; path = "Target Support Files/Pods-facebook-godot/Pods-facebook-godot.debug.xcconfig"; sourceTree = "<group>"; };
/* End PBXFileReference section */

/* Begin PBXFrameworksBuildPhase section */
		6E87D6F12B3007A50000E703 /* Frameworks */ = {
			isa = PBXFrameworksBuildPhase;
			buildActionMask = 2147483647;
			files = (
				A6BD6C9773F7D3FC0F32E0B9 /* Pods_facebook_godot.framework in Frameworks */,
			);
			runOnlyForDeploymentPostprocessing = 0;
		};
/* End PBXFrameworksBuildPhase section */

/* Begin PBXGroup section */
		0C6D2B91755F45F955905207 /* Pods */ = {
			isa = PBXGroup;
			children = (
				B683F426947237A6BC36B81F /* Pods-facebook-godot.debug.xcconfig */,
				041CF51ADCEF5CAE0CAD2BF8 /* Pods-facebook-godot.release.xcconfig */,
			);
			path = Pods;
			sourceTree = "<group>";
		};
		4D2097FD4A524DDD7299B807 /* Frameworks */ = {
			isa = PBXGroup;
			children = (
				173FF044D503E93C57684E4D /* Pods_facebook_godot.framework */,
			);
			name = Frameworks;
			sourceTree = "<group>";
		};
		6E87D6EB2B3007A50000E703 = {
			isa = PBXGroup;
			children = (
				6E87D6F62B3007A50000E703 /* facebook-godot */,
				6E87D6F52B3007A50000E703 /* Products */,
				0C6D2B91755F45F955905207 /* Pods */,
				4D2097FD4A524DDD7299B807 /* Frameworks */,
			);
			sourceTree = "<group>";
		};
		6E87D6F52B3007A50000E703 /* Products */ = {
			isa = PBXGroup;
			children = (
				6E87D6F42B3007A50000E703 /* libfacebook-godot.a */,
			);
			name = Products;
			sourceTree = "<group>";
		};
		6E87D6F62B3007A50000E703 /* facebook-godot */ = {
			isa = PBXGroup;
			children = (
				6E87D6F72B3007A50000E703 /* facebook_godot.h */,
				6E87D6F82B3007A50000E703 /* facebook_godot.m */,
				6E87D7002B300A940000E703 /* facebook_godot_implementation.mm */,
				6E87D7022B300AAC0000E703 /* facebook_godot_implementation.h */,
			);
			path = "facebook-godot";
			sourceTree = "<group>";
		};
/* End PBXGroup section */

/* Begin PBXNativeTarget section */
		6E87D6F32B3007A50000E703 /* facebook-godot */ = {
			isa = PBXNativeTarget;
			buildConfigurationList = 6E87D6FD2B3007A50000E703 /* Build configuration list for PBXNativeTarget "facebook-godot" */;
			buildPhases = (
				FD75BCD51AF450FB8361DD9C /* [CP] Check Pods Manifest.lock */,
				6E87D6F02B3007A50000E703 /* Sources */,
				6E87D6F12B3007A50000E703 /* Frameworks */,
				6E87D6F22B3007A50000E703 /* CopyFiles */,
			);
			buildRules = (
			);
			dependencies = (
			);
			name = "facebook-godot";
			productName = "facebook-godot";
			productReference = 6E87D6F42B3007A50000E703 /* libfacebook-godot.a */;
			productType = "com.apple.product-type.library.static";
		};
/* End PBXNativeTarget section */

/* Begin PBXProject section */
		6E87D6EC2B3007A50000E703 /* Project object */ = {
			isa = PBXProject;
			attributes = {
				BuildIndependentTargetsInParallel = 1;
				LastUpgradeCheck = 1500;
				TargetAttributes = {
					6E87D6F32B3007A50000E703 = {
						CreatedOnToolsVersion = 15.0;
					};
				};
			};
			buildConfigurationList = 6E87D6EF2B3007A50000E703 /* Build configuration list for PBXProject "facebook-godot" */;
			compatibilityVersion = "Xcode 14.0";
			developmentRegion = en;
			hasScannedForEncodings = 0;
			knownRegions = (
				en,
				Base,
			);
			mainGroup = 6E87D6EB2B3007A50000E703;
			productRefGroup = 6E87D6F52B3007A50000E703 /* Products */;
			projectDirPath = "";
			projectRoot = "";
			targets = (
				6E87D6F32B3007A50000E703 /* facebook-godot */,
			);
		};
/* End PBXProject section */

/* Begin PBXShellScriptBuildPhase section */
		FD75BCD51AF450FB8361DD9C /* [CP] Check Pods Manifest.lock */ = {
			isa = PBXShellScriptBuildPhase;
			buildActionMask = 2147483647;
			files = (
			);
			inputFileListPaths = (
			);
			inputPaths = (
				"${PODS_PODFILE_DIR_PATH}/Podfile.lock",
				"${PODS_ROOT}/Manifest.lock",
			);
			name = "[CP] Check Pods Manifest.lock";
			outputFileListPaths = (
			);
			outputPaths = (
				"$(DERIVED_FILE_DIR)/Pods-facebook-godot-checkManifestLockResult.txt",
			);
			runOnlyForDeploymentPostprocessing = 0;
			shellPath = /bin/sh;
			shellScript = "diff \"${PODS_PODFILE_DIR_PATH}/Podfile.lock\" \"${PODS_ROOT}/Manifest.lock\" > /dev/null\nif [ $? != 0 ] ; then\n    # print error to STDERR\n    echo \"error: The sandbox is not in sync with the Podfile.lock. Run 'pod install' or update your CocoaPods installation.\" >&2\n    exit 1\nfi\n# This output is used by Xcode 'outputs' to avoid re-running this script phase.\necho \"SUCCESS\" > \"${SCRIPT_OUTPUT_FILE_0}\"\n";
			showEnvVarsInLog = 0;
		};
/* End PBXShellScriptBuildPhase section */

/* Begin PBXSourcesBuildPhase section */
		6E87D6F02B3007A50000E703 /* Sources */ = {
			isa = PBXSourcesBuildPhase;
			buildActionMask = 2147483647;
			files = (
				6E87D6F92B3007A50000E703 /* facebook_godot.m in Sources */,
				6E87D7012B300A940000E703 /* facebook_godot_implementation.mm in Sources */,
			);
			runOnlyForDeploymentPostprocessing = 0;
		};
/* End PBXSourcesBuildPhase section */

/* Begin XCBuildConfiguration section */
		6E87D6FB2B3007A50000E703 /* Debug */ = {
			isa = XCBuildConfiguration;
			buildSettings = {
				ALWAYS_SEARCH_USER_PATHS = NO;
				ASSETCATALOG_COMPILER_GENERATE_SWIFT_ASSET_SYMBOL_EXTENSIONS = YES;
				CLANG_ANALYZER_NONNULL = YES;
				CLANG_ANALYZER_NUMBER_OBJECT_CONVERSION = YES_AGGRESSIVE;
				CLANG_CXX_LANGUAGE_STANDARD = "gnu++20";
				CLANG_ENABLE_MODULES = YES;
				CLANG_ENABLE_OBJC_ARC = YES;
				CLANG_ENABLE_OBJC_WEAK = YES;
				CLANG_WARN_BLOCK_CAPTURE_AUTORELEASING = YES;
				CLANG_WARN_BOOL_CONVERSION = YES;
				CLANG_WARN_COMMA = YES;
				CLANG_WARN_CONSTANT_CONVERSION = YES;
				CLANG_WARN_DEPRECATED_OBJC_IMPLEMENTATIONS = YES;
				CLANG_WARN_DIRECT_OBJC_ISA_USAGE = YES_ERROR;
				CLANG_WARN_DOCUMENTATION_COMMENTS = YES;
				CLANG_WARN_EMPTY_BODY = YES;
				CLANG_WARN_ENUM_CONVERSION = YES;
				CLANG_WARN_INFINITE_RECURSION = YES;
				CLANG_WARN_INT_CONVERSION = YES;
				CLANG_WARN_NON_LITERAL_NULL_CONVERSION = YES;
				CLANG_WARN_OBJC_IMPLICIT_RETAIN_SELF = YES;
				CLANG_WARN_OBJC_LITERAL_CONVERSION = YES;
				CLANG_WARN_OBJC_ROOT_CLASS = YES_ERROR;
				CLANG_WARN_QUOTED_INCLUDE_IN_FRAMEWORK_HEADER = YES;
				CLANG_WARN_RANGE_LOOP_ANALYSIS = YES;
				CLANG_WARN_STRICT_PROTOTYPES = YES;
				CLANG_WARN_SUSPICIOUS_MOVE = YES;
				CLANG_WARN_UNGUARDED_AVAILABILITY = YES_AGGRESSIVE;
				CLANG_WARN_UNREACHABLE_CODE = YES;
				CLANG_WARN__DUPLICATE_METHOD_MATCH = YES;
				COPY_PHASE_STRIP = NO;
				DEBUG_INFORMATION_FORMAT = dwarf;
				ENABLE_STRICT_OBJC_MSGSEND = YES;
				ENABLE_TESTABILITY = YES;
				ENABLE_USER_SCRIPT_SANDBOXING = YES;
				GCC_C_LANGUAGE_STANDARD = gnu17;
				GCC_DYNAMIC_NO_PIC = NO;
				GCC_NO_COMMON_BLOCKS = YES;
				GCC_OPTIMIZATION_LEVEL = 0;
				GCC_PREPROCESSOR_DEFINITIONS = (
					"DEBUG=1",
					"$(inherited)",
				);
				GCC_WARN_64_TO_32_BIT_CONVERSION = YES;
				GCC_WARN_ABOUT_RETURN_TYPE = YES_ERROR;
				GCC_WARN_UNDECLARED_SELECTOR = YES;
				GCC_WARN_UNINITIALIZED_AUTOS = YES_AGGRESSIVE;
				GCC_WARN_UNUSED_FUNCTION = YES;
				GCC_WARN_UNUSED_VARIABLE = YES;
				HEADER_SEARCH_PATHS = (
					godot,
					godot/platform,
					godot/platform/ios,
				);
				IPHONEOS_DEPLOYMENT_TARGET = 14.0;
				LOCALIZATION_PREFERS_STRING_CATALOGS = YES;
				MTL_ENABLE_DEBUG_INFO = INCLUDE_SOURCE;
				MTL_FAST_MATH = YES;
				ONLY_ACTIVE_ARCH = YES;
				OTHER_CFLAGS = (
					"-fcxx-modules",
					"-fmodules",
					"-DDEBUG",
				);
				SDKROOT = iphoneos;
			};
			name = Debug;
		};
		6E87D6FC2B3007A50000E703 /* Release */ = {
			isa = XCBuildConfiguration;
			buildSettings = {
				ALWAYS_SEARCH_USER_PATHS = NO;
				ASSETCATALOG_COMPILER_GENERATE_SWIFT_ASSET_SYMBOL_EXTENSIONS = YES;
				CLANG_ANALYZER_NONNULL = YES;
				CLANG_ANALYZER_NUMBER_OBJECT_CONVERSION = YES_AGGRESSIVE;
				CLANG_CXX_LANGUAGE_STANDARD = "gnu++20";
				CLANG_ENABLE_MODULES = YES;
				CLANG_ENABLE_OBJC_ARC = YES;
				CLANG_ENABLE_OBJC_WEAK = YES;
				CLANG_WARN_BLOCK_CAPTURE_AUTORELEASING = YES;
				CLANG_WARN_BOOL_CONVERSION = YES;
				CLANG_WARN_COMMA = YES;
				CLANG_WARN_CONSTANT_CONVERSION = YES;
				CLANG_WARN_DEPRECATED_OBJC_IMPLEMENTATIONS = YES;
				CLANG_WARN_DIRECT_OBJC_ISA_USAGE = YES_ERROR;
				CLANG_WARN_DOCUMENTATION_COMMENTS = YES;
				CLANG_WARN_EMPTY_BODY = YES;
				CLANG_WARN_ENUM_CONVERSION = YES;
				CLANG_WARN_INFINITE_RECURSION = YES;
				CLANG_WARN_INT_CONVERSION = YES;
				CLANG_WARN_NON_LITERAL_NULL_CONVERSION = YES;
				CLANG_WARN_OBJC_IMPLICIT_RETAIN_SELF = YES;
				CLANG_WARN_OBJC_LITERAL_CONVERSION = YES;
				CLANG_WARN_OBJC_ROOT_CLASS = YES_ERROR;
				CLANG_WARN_QUOTED_INCLUDE_IN_FRAMEWORK_HEADER = YES;
				CLANG_WARN_RANGE_LOOP_ANALYSIS = YES;
				CLANG_WARN_STRICT_PROTOTYPES = YES;
				CLANG_WARN_SUSPICIOUS_MOVE = YES;
				CLANG_WARN_UNGUARDED_AVAILABILITY = YES_AGGRESSIVE;
				CLANG_WARN_UNREACHABLE_CODE = YES;
				CLANG_WARN__DUPLICATE_METHOD_MATCH = YES;
				COPY_PHASE_STRIP = NO;
				DEBUG_INFORMATION_FORMAT = "dwarf-with-dsym";
				ENABLE_NS_ASSERTIONS = NO;
				ENABLE_STRICT_OBJC_MSGSEND = YES;
				ENABLE_USER_SCRIPT_SANDBOXING = YES;
				GCC_C_LANGUAGE_STANDARD = gnu17;
				GCC_NO_COMMON_BLOCKS = YES;
				GCC_WARN_64_TO_32_BIT_CONVERSION = YES;
				GCC_WARN_ABOUT_RETURN_TYPE = YES_ERROR;
				GCC_WARN_UNDECLARED_SELECTOR = YES;
				GCC_WARN_UNINITIALIZED_AUTOS = YES_AGGRESSIVE;
				GCC_WARN_UNUSED_FUNCTION = YES;
				GCC_WARN_UNUSED_VARIABLE = YES;
				HEADER_SEARCH_PATHS = (
					godot,
					godot/platform,
					godot/platform/ios,
				);
				IPHONEOS_DEPLOYMENT_TARGET = 14.0;
				LOCALIZATION_PREFERS_STRING_CATALOGS = YES;
				MTL_ENABLE_DEBUG_INFO = NO;
				MTL_FAST_MATH = YES;
				OTHER_CFLAGS = (
					"-fcxx-modules",
					"-fmodules",
					"-DDEBUG",
				);
				SDKROOT = iphoneos;
				VALIDATE_PRODUCT = YES;
			};
			name = Release;
		};
		6E87D6FE2B3007A50000E703 /* Debug */ = {
			isa = XCBuildConfiguration;
			baseConfigurationReference = B683F426947237A6BC36B81F /* Pods-facebook-godot.debug.xcconfig */;
			buildSettings = {
				CODE_SIGN_STYLE = Automatic;
				DEVELOPMENT_TEAM = 6HR52J2MSX;
				HEADER_SEARCH_PATHS = (
					godot,
					godot/platform,
					godot/platform/ios,
					godot/core,
				);
				OTHER_LDFLAGS = "-ObjC";
				PRODUCT_NAME = "$(TARGET_NAME)";
				SKIP_INSTALL = YES;
				TARGETED_DEVICE_FAMILY = "1,2";
			};
			name = Debug;
		};
		6E87D6FF2B3007A50000E703 /* Release */ = {
			isa = XCBuildConfiguration;
			baseConfigurationReference = 041CF51ADCEF5CAE0CAD2BF8 /* Pods-facebook-godot.release.xcconfig */;
			buildSettings = {
				CODE_SIGN_STYLE = Automatic;
				DEVELOPMENT_TEAM = 6HR52J2MSX;
				HEADER_SEARCH_PATHS = (
					godot,
					godot/platform,
					godot/platform/ios,
					godot/core,
				);
				OTHER_LDFLAGS = "-ObjC";
				PRODUCT_NAME = "$(TARGET_NAME)";
				SKIP_INSTALL = YES;
				TARGETED_DEVICE_FAMILY = "1,2";
			};
			name = Release;
		};
/* End XCBuildConfiguration section */

/* Begin XCConfigurationList section */
		6E87D6EF2B3007A50000E703 /* Build configuration list for PBXProject "facebook-godot" */ = {
			isa = XCConfigurationList;
			buildConfigurations = (
				6E87D6FB2B3007A50000E703 /* Debug */,
				6E87D6FC2B3007A50000E703 /* Release */,
			);
			defaultConfigurationIsVisible = 0;
			defaultConfigurationName = Release;
		};
		6E87D6FD2B3007A50000E703 /* Build configuration list for PBXNativeTarget "facebook-godot" */ = {
			isa = XCConfigurationList;
			buildConfigurations = (
				6E87D6FE2B3007A50000E703 /* Debug */,
				6E87D6FF2B3007A50000E703 /* Release */,
			);
			defaultConfigurationIsVisible = 0;
			defaultConfigurationName = Release;
		};
/* End XCConfigurationList section */
	};
	rootObject = 6E87D6EC2B3007A50000E703 /* Project object */;
}
